{
  "requires": true,
  "lockfileVersion": 1,
  "dependencies": {
    "tarteaucitronjs": {
      "version": "1.2.0",
      "resolved": "https://registry.npmjs.org/tarteaucitronjs/-/tarteaucitronjs-1.2.0.tgz",
      "integrity": "sha512-dNBtEgvaHeKdKRaQsUpVO7dy7oRJ/Q3XmE8Ma8moAHzrQBBGT5EONqdOmUfOtiEPW5g4UWfUKgoeB3vpaE80iQ=="
    }
  }
}
